
Microsoft Visual Studio Solution File, Format Version 12.00
# Visual Studio Version 16
VisualStudioVersion = 16.0.30907.101
MinimumVisualStudioVersion = 10.0.40219.1
Project("{9A19103F-16F7-4668-BE54-9A1E7A4F7556}") = "Imagizer", "Imagizer\Imagizer.csproj", "{0DEF4403-DE51-483E-839D-8826B403E010}"
EndProject
Project("{9A19103F-16F7-4668-BE54-9A1E7A4F7556}") = "Imagizer.BLL", "Imagizer.BLL\Imagizer.BLL.csproj", "{7D9C7B4C-9854-4313-A18E-5CA91BB589F3}"
EndProject
Project("{9A19103F-16F7-4668-BE54-9A1E7A4F7556}") = "Imagizer.DAL", "Imagizer.DAL\Imagizer.DAL.csproj", "{B2C7390C-8E86-417B-97F0-1A88784F45B7}"
EndProject
Global
	GlobalSection(SolutionConfigurationPlatforms) = preSolution
		Debug|Any CPU = Debug|Any CPU
		Release|Any CPU = Release|Any CPU
	EndGlobalSection
	GlobalSection(ProjectConfigurationPlatforms) = postSolution
		{0DEF4403-DE51-483E-839D-8826B403E010}.Debug|Any CPU.ActiveCfg = Debug|Any CPU
		{0DEF4403-DE51-483E-839D-8826B403E010}.Debug|Any CPU.Build.0 = Debug|Any CPU
		{0DEF4403-DE51-483E-839D-8826B403E010}.Release|Any CPU.ActiveCfg = Release|Any CPU
		{0DEF4403-DE51-483E-839D-8826B403E010}.Release|Any CPU.Build.0 = Release|Any CPU
		{7D9C7B4C-9854-4313-A18E-5CA91BB589F3}.Debug|Any CPU.ActiveCfg = Debug|Any CPU
		{7D9C7B4C-9854-4313-A18E-5CA91BB589F3}.Debug|Any CPU.Build.0 = Debug|Any CPU
		{7D9C7B4C-9854-4313-A18E-5CA91BB589F3}.Release|Any CPU.ActiveCfg = Release|Any CPU
		{7D9C7B4C-9854-4313-A18E-5CA91BB589F3}.Release|Any CPU.Build.0 = Release|Any CPU
		{B2C7390C-8E86-417B-97F0-1A88784F45B7}.Debug|Any CPU.ActiveCfg = Debug|Any CPU
		{B2C7390C-8E86-417B-97F0-1A88784F45B7}.Debug|Any CPU.Build.0 = Debug|Any CPU
		{B2C7390C-8E86-417B-97F0-1A88784F45B7}.Release|Any CPU.ActiveCfg = Release|Any CPU
		{B2C7390C-8E86-417B-97F0-1A88784F45B7}.Release|Any CPU.Build.0 = Release|Any CPU
	EndGlobalSection
	GlobalSection(SolutionProperties) = preSolution
		HideSolutionNode = FALSE
	EndGlobalSection
	GlobalSection(ExtensibilityGlobals) = postSolution
		SolutionGuid = {D5AF0CCA-DC8D-4DFF-BDD7-971FA795770F}
	EndGlobalSection
EndGlobal
